
Microsoft Visual Studio Solution File, Format Version 12.00
# Visual Studio Version 17
VisualStudioVersion = 17.0.31903.59
MinimumVisualStudioVersion = 10.0.40219.1
Project("{FAE04EC0-301F-11D3-BF4B-00C04F79EFBC}") = "DemoProject", "DemoProject\DemoProject.csproj", "{898C22E5-F21F-4027-9C8F-101E9EB93833}"
EndProject
Project("{FAE04EC0-301F-11D3-BF4B-00C04F79EFBC}") = "DemoProject.Unittests", "DemoProject.Unittests\DemoProject.Unittests.csproj", "{A0EF318C-41BB-4705-9577-F2D23FE4B785}"
EndProject
Project("{FAE04EC0-301F-11D3-BF4B-00C04F79EFBC}") = "DemoProject.xUnit", "DemoProject.xUnit\DemoProject.xUnit.csproj", "{CFB94C56-B8C4-4929-8394-48A3FAF42F1B}"
EndProject
Global
	GlobalSection(SolutionConfigurationPlatforms) = preSolution
		Debug|Any CPU = Debug|Any CPU
		Release|Any CPU = Release|Any CPU
	EndGlobalSection
	GlobalSection(ProjectConfigurationPlatforms) = postSolution
		{898C22E5-F21F-4027-9C8F-101E9EB93833}.Debug|Any CPU.ActiveCfg = Debug|Any CPU
		{898C22E5-F21F-4027-9C8F-101E9EB93833}.Debug|Any CPU.Build.0 = Debug|Any CPU
		{898C22E5-F21F-4027-9C8F-101E9EB93833}.Release|Any CPU.ActiveCfg = Release|Any CPU
		{898C22E5-F21F-4027-9C8F-101E9EB93833}.Release|Any CPU.Build.0 = Release|Any CPU
		{A0EF318C-41BB-4705-9577-F2D23FE4B785}.Debug|Any CPU.ActiveCfg = Debug|Any CPU
		{A0EF318C-41BB-4705-9577-F2D23FE4B785}.Debug|Any CPU.Build.0 = Debug|Any CPU
		{A0EF318C-41BB-4705-9577-F2D23FE4B785}.Release|Any CPU.ActiveCfg = Release|Any CPU
		{A0EF318C-41BB-4705-9577-F2D23FE4B785}.Release|Any CPU.Build.0 = Release|Any CPU
		{CFB94C56-B8C4-4929-8394-48A3FAF42F1B}.Debug|Any CPU.ActiveCfg = Debug|Any CPU
		{CFB94C56-B8C4-4929-8394-48A3FAF42F1B}.Debug|Any CPU.Build.0 = Debug|Any CPU
		{CFB94C56-B8C4-4929-8394-48A3FAF42F1B}.Release|Any CPU.ActiveCfg = Release|Any CPU
		{CFB94C56-B8C4-4929-8394-48A3FAF42F1B}.Release|Any CPU.Build.0 = Release|Any CPU
	EndGlobalSection
	GlobalSection(SolutionProperties) = preSolution
		HideSolutionNode = FALSE
	EndGlobalSection
	GlobalSection(ExtensibilityGlobals) = postSolution
		SolutionGuid = {99264BAE-DFA7-4C7D-AA47-744D0407F4EE}
	EndGlobalSection
EndGlobal
